
Microsoft Visual Studio Solution File, Format Version 12.00
# Visual Studio Version 17
VisualStudioVersion = 17.3.32922.545
MinimumVisualStudioVersion = 10.0.40219.1
Project("{FAE04EC0-301F-11D3-BF4B-00C04F79EFBC}") = "Sms Flow 7", "SMS test 5\Sms Flow 7.csproj", "{D0F8E8F4-229A-4AF0-92AB-A8E87FFC791E}"
EndProject
Global
	GlobalSection(SolutionConfigurationPlatforms) = preSolution
		Debug|Any CPU = Debug|Any CPU
		Release|Any CPU = Release|Any CPU
	EndGlobalSection
	GlobalSection(ProjectConfigurationPlatforms) = postSolution
		{D0F8E8F4-229A-4AF0-92AB-A8E87FFC791E}.Debug|Any CPU.ActiveCfg = Debug|Any CPU
		{D0F8E8F4-229A-4AF0-92AB-A8E87FFC791E}.Debug|Any CPU.Build.0 = Debug|Any CPU
		{D0F8E8F4-229A-4AF0-92AB-A8E87FFC791E}.Release|Any CPU.ActiveCfg = Release|Any CPU
		{D0F8E8F4-229A-4AF0-92AB-A8E87FFC791E}.Release|Any CPU.Build.0 = Release|Any CPU
	EndGlobalSection
	GlobalSection(SolutionProperties) = preSolution
		HideSolutionNode = FALSE
	EndGlobalSection
	GlobalSection(ExtensibilityGlobals) = postSolution
		SolutionGuid = {DB1E4C84-3E82-42B7-AF3E-B0A458D0EB6A}
	EndGlobalSection
EndGlobal
